
Microsoft Visual Studio Solution File, Format Version 12.00
# Visual Studio Version 17
VisualStudioVersion = 17.14.36221.1 d17.14
MinimumVisualStudioVersion = 10.0.40219.1
Project("{FAE04EC0-301F-11D3-BF4B-00C04F79EFBC}") = "GradHubDAL", "GradHubDAL\GradHubDAL.csproj", "{F99D1484-5474-4686-B498-003BEA201F50}"
EndProject
Project("{FAE04EC0-301F-11D3-BF4B-00C04F79EFBC}") = "GRadHubBLL", "GRadHubBLL\GRadHubBLL.csproj", "{D2D43D41-3589-4E46-A2EC-394998727563}"
EndProject
Project("{FAE04EC0-301F-11D3-BF4B-00C04F79EFBC}") = "GradHubPL", "GradHubPL\GradHubPL.csproj", "{4E52ED8E-D6F5-4D5B-86AE-7F948A1A9D9F}"
EndProject
Global
	GlobalSection(SolutionConfigurationPlatforms) = preSolution
		Debug|Any CPU = Debug|Any CPU
		Release|Any CPU = Release|Any CPU
	EndGlobalSection
	GlobalSection(ProjectConfigurationPlatforms) = postSolution
		{F99D1484-5474-4686-B498-003BEA201F50}.Debug|Any CPU.ActiveCfg = Debug|Any CPU
		{F99D1484-5474-4686-B498-003BEA201F50}.Debug|Any CPU.Build.0 = Debug|Any CPU
		{F99D1484-5474-4686-B498-003BEA201F50}.Release|Any CPU.ActiveCfg = Release|Any CPU
		{F99D1484-5474-4686-B498-003BEA201F50}.Release|Any CPU.Build.0 = Release|Any CPU
		{D2D43D41-3589-4E46-A2EC-394998727563}.Debug|Any CPU.ActiveCfg = Debug|Any CPU
		{D2D43D41-3589-4E46-A2EC-394998727563}.Debug|Any CPU.Build.0 = Debug|Any CPU
		{D2D43D41-3589-4E46-A2EC-394998727563}.Release|Any CPU.ActiveCfg = Release|Any CPU
		{D2D43D41-3589-4E46-A2EC-394998727563}.Release|Any CPU.Build.0 = Release|Any CPU
		{4E52ED8E-D6F5-4D5B-86AE-7F948A1A9D9F}.Debug|Any CPU.ActiveCfg = Debug|Any CPU
		{4E52ED8E-D6F5-4D5B-86AE-7F948A1A9D9F}.Debug|Any CPU.Build.0 = Debug|Any CPU
		{4E52ED8E-D6F5-4D5B-86AE-7F948A1A9D9F}.Release|Any CPU.ActiveCfg = Release|Any CPU
		{4E52ED8E-D6F5-4D5B-86AE-7F948A1A9D9F}.Release|Any CPU.Build.0 = Release|Any CPU
	EndGlobalSection
	GlobalSection(SolutionProperties) = preSolution
		HideSolutionNode = FALSE
	EndGlobalSection
	GlobalSection(ExtensibilityGlobals) = postSolution
		SolutionGuid = {623AD7CE-9DF5-4788-BF88-170CA7DA4C1F}
	EndGlobalSection
EndGlobal
